{
  "name": "@coverage-improver/backend",
  "version": "1.0.0",
  "lockfileVersion": 3,
  "requires": true,
  "packages": {
    "": {
      "name": "@coverage-improver/backend",
      "version": "1.0.0",
      "dependencies": {
        "@nestjs/common": "^11.1.0",
        "@nestjs/config": "^4.0.0",
        "@nestjs/core": "^11.1.0",
        "@nestjs/platform-express": "^11.1.0",
        "@nestjs/platform-socket.io": "^11.1.0",
        "@nestjs/websockets": "^11.1.0",
        "@octokit/rest": "^22.0.0",
        "better-sqlite3": "^12.5.0",
        "class-transformer": "^0.5.1",
        "class-validator": "^0.14.3",
        "reflect-metadata": "^0.2.2",
        "rxjs": "^7.8.2",
        "simple-git": "^3.30.0",
        "uuid": "^11.0.3"
      },
      "devDependencies": {
        "@nestjs/cli": "^11.0.0",
        "@nestjs/schematics": "^11.0.0",
        "@nestjs/testing": "^11.1.0",
        "@types/better-sqlite3": "^7.6.12",
        "@types/express": "^5.0.0",
        "@types/jest": "^29.5.14",
        "@types/node": "^22.10.2",
        "@types/uuid": "^10.0.0",
        "@typescript-eslint/eslint-plugin": "^8.18.1",
        "@typescript-eslint/parser": "^8.18.1",
        "eslint": "^9.17.0",
        "jest": "^29.7.0",
        "ts-jest": "^29.2.5",
        "ts-node": "^10.9.2",
        "typescript": "^5.7.0"
      }
    },
    "../node_modules/.pnpm/@nestjs+cli@11.0.14_@types+node@22.19.3/node_modules/@nestjs/cli": {
      "version": "11.0.14",
      "dev": true,
      "license": "MIT",
      "dependencies": {
        "@angular-devkit/core": "19.2.19",
        "@angular-devkit/schematics": "19.2.19",
        "@angular-devkit/schematics-cli": "19.2.19",
        "@inquirer/prompts": "7.10.1",
        "@nestjs/schematics": "^11.0.1",
        "ansis": "4.2.0",
        "chokidar": "4.0.3",
        "cli-table3": "0.6.5",
        "commander": "4.1.1",
        "fork-ts-checker-webpack-plugin": "9.1.0",
        "glob": "13.0.0",
        "node-emoji": "1.11.0",
        "ora": "5.4.1",
        "tsconfig-paths": "4.2.0",
        "tsconfig-paths-webpack-plugin": "4.2.0",
        "typescript": "5.9.3",
        "webpack": "5.103.0",
        "webpack-node-externals": "3.0.0"
      },
      "bin": {
        "nest": "bin/nest.js"
      },
      "devDependencies": {
        "@commitlint/cli": "20.1.0",
        "@commitlint/config-angular": "20.0.0",
        "@swc/cli": "0.7.9",
        "@swc/core": "1.15.3",
        "@types/inquirer": "9.0.9",
        "@types/jest": "29.5.14",
        "@types/node": "24.10.1",
        "@types/node-emoji": "1.8.2",
        "@types/webpack-node-externals": "3.0.4",
        "@typescript-eslint/eslint-plugin": "8.48.0",
        "@typescript-eslint/parser": "8.48.0",
        "delete-empty": "3.0.0",
        "eslint": "9.39.1",
        "eslint-config-prettier": "10.1.8",
        "gulp": "5.0.1",
        "gulp-clean": "0.4.0",
        "husky": "9.1.7",
        "jest": "29.7.0",
        "lint-staged": "16.2.7",
        "prettier": "3.7.1",
        "release-it": "19.0.6",
        "ts-jest": "29.4.5",
        "ts-loader": "9.5.4",
        "ts-node": "10.9.2"
      },
      "engines": {
        "node": ">= 20.11"
      },
      "peerDependencies": {
        "@swc/cli": "^0.1.62 || ^0.3.0 || ^0.4.0 || ^0.5.0 || ^0.6.0 || ^0.7.0",
        "@swc/core": "^1.3.62"
      },
      "peerDependenciesMeta": {
        "@swc/cli": {
          "optional": true
        },
        "@swc/core": {
          "optional": true
        }
      }
    },
    "../node_modules/.pnpm/@nestjs+common@11.1.10_class-transformer@0.5.1_class-validator@0.14.3_reflect-metadata@0.2.2_rxjs@7.8.2/node_modules/@nestjs/common": {
      "version": "11.1.10",
      "license": "MIT",
      "dependencies": {
        "file-type": "21.1.1",
        "iterare": "1.2.1",
        "load-esm": "1.0.3",
        "tslib": "2.8.1",
        "uid": "2.0.2"
      },
      "funding": {
        "type": "opencollective",
        "url": "https://opencollective.com/nest"
      },
      "peerDependencies": {
        "class-transformer": ">=0.4.1",
        "class-validator": ">=0.13.2",
        "reflect-metadata": "^0.1.12 || ^0.2.0",
        "rxjs": "^7.1.0"
      },
      "peerDependenciesMeta": {
        "class-transformer": {
          "optional": true
        },
        "class-validator": {
          "optional": true
        }
      }
    },
    "../node_modules/.pnpm/@nestjs+config@4.0.2_@nestjs+common@11.1.10_class-transformer@0.5.1_class-validator@0.14.3_re_k3hjpc3ejwrb2f64n6ctlerk5y/node_modules/@nestjs/config": {
      "version": "4.0.2",
      "license": "MIT",
      "dependencies": {
        "dotenv": "16.4.7",
        "dotenv-expand": "12.0.1",
        "lodash": "4.17.21"
      },
      "devDependencies": {
        "@commitlint/cli": "19.8.0",
        "@commitlint/config-angular": "19.8.0",
        "@eslint/eslintrc": "3.3.1",
        "@eslint/js": "9.23.0",
        "@nestjs/common": "11.0.12",
        "@nestjs/core": "11.0.12",
        "@nestjs/platform-express": "11.0.12",
        "@nestjs/testing": "11.0.12",
        "@types/jest": "29.5.14",
        "@types/lodash": "4.17.16",
        "@types/node": "22.13.13",
        "eslint": "9.23.0",
        "eslint-config-prettier": "10.1.1",
        "eslint-plugin-prettier": "5.2.5",
        "globals": "16.0.0",
        "husky": "9.1.7",
        "jest": "29.7.0",
        "joi": "17.13.3",
        "lint-staged": "15.5.0",
        "prettier": "3.5.3",
        "reflect-metadata": "0.2.2",
        "release-it": "18.1.2",
        "rimraf": "6.0.1",
        "rxjs": "7.8.2",
        "ts-jest": "29.3.0",
        "typescript": "5.8.2",
        "typescript-eslint": "8.28.0"
      },
      "peerDependencies": {
        "@nestjs/common": "^10.0.0 || ^11.0.0",
        "rxjs": "^7.1.0"
      }
    },
    "../node_modules/.pnpm/@nestjs+core@11.1.10_@nestjs+common@11.1.10_class-transformer@0.5.1_class-validator@0.14.3_re_bi5dtuds5pb77nnaakik4vb4cm/node_modules/@nestjs/core": {
      "version": "11.1.10",
      "hasInstallScript": true,
      "license": "MIT",
      "dependencies": {
        "@nuxt/opencollective": "0.4.1",
        "fast-safe-stringify": "2.1.1",
        "iterare": "1.2.1",
        "path-to-regexp": "8.3.0",
        "tslib": "2.8.1",
        "uid": "2.0.2"
      },
      "devDependencies": {
        "@nestjs/common": "11.1.10"
      },
      "engines": {
        "node": ">= 20"
      },
      "funding": {
        "type": "opencollective",
        "url": "https://opencollective.com/nest"
      },
      "peerDependencies": {
        "@nestjs/common": "^11.0.0",
        "@nestjs/microservices": "^11.0.0",
        "@nestjs/platform-express": "^11.0.0",
        "@nestjs/websockets": "^11.0.0",
        "reflect-metadata": "^0.1.12 || ^0.2.0",
        "rxjs": "^7.1.0"
      },
      "peerDependenciesMeta": {
        "@nestjs/microservices": {
          "optional": true
        },
        "@nestjs/platform-express": {
          "optional": true
        },
        "@nestjs/websockets": {
          "optional": true
        }
      }
    },
    "../node_modules/.pnpm/@nestjs+platform-express@11.1.10_@nestjs+common@11.1.10_class-transformer@0.5.1_class-validat_wb3fkfekjm22agbha22z7ikuzy/node_modules/@nestjs/platform-express": {
      "version": "11.1.10",
      "license": "MIT",
      "dependencies": {
        "cors": "2.8.5",
        "express": "5.2.1",
        "multer": "2.0.2",
        "path-to-regexp": "8.3.0",
        "tslib": "2.8.1"
      },
      "devDependencies": {
        "@nestjs/common": "11.1.10",
        "@nestjs/core": "11.1.10"
      },
      "funding": {
        "type": "opencollective",
        "url": "https://opencollective.com/nest"
      },
      "peerDependencies": {
        "@nestjs/common": "^11.0.0",
        "@nestjs/core": "^11.0.0"
      }
    },
    "../node_modules/.pnpm/@nestjs+platform-socket.io@11.1.10_@nestjs+common@11.1.10_class-transformer@0.5.1_class-valid_fpksb2ia6gfvyicy65h7qann6q/node_modules/@nestjs/platform-socket.io": {
      "version": "11.1.10",
      "license": "MIT",
      "dependencies": {
        "socket.io": "4.8.1",
        "tslib": "2.8.1"
      },
      "funding": {
        "type": "opencollective",
        "url": "https://opencollective.com/nest"
      },
      "peerDependencies": {
        "@nestjs/common": "^11.0.0",
        "@nestjs/websockets": "^11.0.0",
        "rxjs": "^7.1.0"
      }
    },
    "../node_modules/.pnpm/@nestjs+schematics@11.0.9_chokidar@4.0.3_typescript@5.9.3/node_modules/@nestjs/schematics": {
      "version": "11.0.9",
      "dev": true,
      "license": "MIT",
      "dependencies": {
        "@angular-devkit/core": "19.2.17",
        "@angular-devkit/schematics": "19.2.17",
        "comment-json": "4.4.1",
        "jsonc-parser": "3.3.1",
        "pluralize": "8.0.0"
      },
      "devDependencies": {
        "@commitlint/cli": "20.1.0",
        "@commitlint/config-angular": "20.0.0",
        "@eslint/eslintrc": "3.3.1",
        "@eslint/js": "9.37.0",
        "@types/jest": "30.0.0",
        "@types/node": "22.18.9",
        "@typescript-eslint/eslint-plugin": "8.46.0",
        "@typescript-eslint/parser": "8.46.0",
        "cpx2": "8.0.0",
        "eslint": "9.37.0",
        "eslint-config-prettier": "10.1.8",
        "eslint-plugin-import": "2.32.0",
        "eslint-plugin-prettier": "^5.2.1",
        "globals": "16.4.0",
        "gulp": "5.0.1",
        "gulp-clean": "0.4.0",
        "husky": "9.1.7",
        "jest": "30.2.0",
        "nyc": "17.1.0",
        "prettier": "3.6.2",
        "release-it": "19.0.5",
        "ts-jest": "29.4.4",
        "ts-node": "10.9.2",
        "typescript": "5.9.3",
        "typescript-eslint": "^8.15.0"
      },
      "peerDependencies": {
        "typescript": ">=4.8.2"
      }
    },
    "../node_modules/.pnpm/@nestjs+testing@11.1.10_@nestjs+common@11.1.10_class-transformer@0.5.1_class-validator@0.14.3_4q4lx6aob6l7yutxbrtpdcykvm/node_modules/@nestjs/testing": {
      "version": "11.1.10",
      "dev": true,
      "license": "MIT",
      "dependencies": {
        "tslib": "2.8.1"
      },
      "funding": {
        "type": "opencollective",
        "url": "https://opencollective.com/nest"
      },
      "peerDependencies": {
        "@nestjs/common": "^11.0.0",
        "@nestjs/core": "^11.0.0",
        "@nestjs/microservices": "^11.0.0",
        "@nestjs/platform-express": "^11.0.0"
      },
      "peerDependenciesMeta": {
        "@nestjs/microservices": {
          "optional": true
        },
        "@nestjs/platform-express": {
          "optional": true
        }
      }
    },
    "../node_modules/.pnpm/@nestjs+websockets@11.1.10_@nestjs+common@11.1.10_class-transformer@0.5.1_class-validator@0.1_iv5yt5hgpt53uhgnnno4x2omq4/node_modules/@nestjs/websockets": {
      "version": "11.1.10",
      "license": "MIT",
      "dependencies": {
        "iterare": "1.2.1",
        "object-hash": "3.0.0",
        "tslib": "2.8.1"
      },
      "devDependencies": {
        "@nestjs/common": "11.1.10",
        "@nestjs/core": "11.1.10"
      },
      "peerDependencies": {
        "@nestjs/common": "^11.0.0",
        "@nestjs/core": "^11.0.0",
        "@nestjs/platform-socket.io": "^11.0.0",
        "reflect-metadata": "^0.1.12 || ^0.2.0",
        "rxjs": "^7.1.0"
      },
      "peerDependenciesMeta": {
        "@nestjs/platform-socket.io": {
          "optional": true
        }
      }
    },
    "../node_modules/.pnpm/@octokit+rest@22.0.1/node_modules/@octokit/rest": {
      "version": "22.0.1",
      "license": "MIT",
      "dependencies": {
        "@octokit/core": "^7.0.6",
        "@octokit/plugin-paginate-rest": "^14.0.0",
        "@octokit/plugin-request-log": "^6.0.0",
        "@octokit/plugin-rest-endpoint-methods": "^17.0.0"
      },
      "devDependencies": {
        "@octokit/auth-action": "^6.0.2",
        "@octokit/auth-app": "^8.1.2",
        "@octokit/fixtures-server": "^8.1.0",
        "@octokit/request": "^10.0.6",
        "@octokit/tsconfig": "^4.0.0",
        "@types/node": "^24.0.0",
        "@vitest/coverage-v8": "^4.0.0",
        "esbuild": "^0.25.0",
        "fetch-mock": "^12.0.0",
        "glob": "^11.0.0",
        "nock": "^14.0.0-beta.8",
        "prettier": "^3.2.4",
        "semantic-release-plugin-update-version-in-files": "^2.0.0",
        "typescript": "^5.3.3",
        "undici": "^7.0.0",
        "vitest": "^4.0.0"
      },
      "engines": {
        "node": ">= 20"
      }
    },
    "../node_modules/.pnpm/@types+better-sqlite3@7.6.13/node_modules/@types/better-sqlite3": {
      "version": "7.6.13",
      "dev": true,
      "license": "MIT",
      "dependencies": {
        "@types/node": "*"
      }
    },
    "../node_modules/.pnpm/@types+express@5.0.6/node_modules/@types/express": {
      "version": "5.0.6",
      "dev": true,
      "license": "MIT",
      "dependencies": {
        "@types/body-parser": "*",
        "@types/express-serve-static-core": "^5.0.0",
        "@types/serve-static": "^2"
      }
    },
    "../node_modules/.pnpm/@types+jest@29.5.14/node_modules/@types/jest": {
      "version": "29.5.14",
      "dev": true,
      "license": "MIT",
      "dependencies": {
        "expect": "^29.0.0",
        "pretty-format": "^29.0.0"
      }
    },
    "../node_modules/.pnpm/@types+node@22.19.3/node_modules/@types/node": {
      "version": "22.19.3",
      "dev": true,
      "license": "MIT",
      "dependencies": {
        "undici-types": "~6.21.0"
      }
    },
    "../node_modules/.pnpm/@types+uuid@10.0.0/node_modules/@types/uuid": {
      "version": "10.0.0",
      "dev": true,
      "license": "MIT"
    },
    "../node_modules/.pnpm/@typescript-eslint+eslint-plugin@8.50.1_@typescript-eslint+parser@8.50.1_eslint@9.39.2_typesc_rntfvq7f6cbtstwknshzop6kre/node_modules/@typescript-eslint/eslint-plugin": {
      "version": "8.50.1",
      "dev": true,
      "license": "MIT",
      "dependencies": {
        "@eslint-community/regexpp": "^4.10.0",
        "@typescript-eslint/scope-manager": "8.50.1",
        "@typescript-eslint/type-utils": "8.50.1",
        "@typescript-eslint/utils": "8.50.1",
        "@typescript-eslint/visitor-keys": "8.50.1",
        "ignore": "^7.0.0",
        "natural-compare": "^1.4.0",
        "ts-api-utils": "^2.1.0"
      },
      "devDependencies": {
        "@types/mdast": "^4.0.3",
        "@types/natural-compare": "*",
        "@typescript-eslint/rule-schema-to-typescript-types": "8.50.1",
        "@typescript-eslint/rule-tester": "8.50.1",
        "@vitest/coverage-v8": "^3.1.3",
        "ajv": "^6.12.6",
        "cross-fetch": "*",
        "eslint": "*",
        "json-schema": "*",
        "markdown-table": "^3.0.3",
        "marked": "^15.0.0",
        "mdast-util-from-markdown": "^2.0.0",
        "mdast-util-mdx": "^3.0.0",
        "micromark-extension-mdxjs": "^3.0.0",
        "prettier": "3.7.2",
        "rimraf": "*",
        "title-case": "^4.0.0",
        "tsx": "*",
        "typescript": "*",
        "unist-util-visit": "^5.0.0",
        "vitest": "^3.1.3"
      },
      "engines": {
        "node": "^18.18.0 || ^20.9.0 || >=21.1.0"
      },
      "funding": {
        "type": "opencollective",
        "url": "https://opencollective.com/typescript-eslint"
      },
      "peerDependencies": {
        "@typescript-eslint/parser": "^8.50.1",
        "eslint": "^8.57.0 || ^9.0.0",
        "typescript": ">=4.8.4 <6.0.0"
      }
    },
    "../node_modules/.pnpm/@typescript-eslint+parser@8.50.1_eslint@9.39.2_typescript@5.9.3/node_modules/@typescript-eslint/parser": {
      "version": "8.50.1",
      "dev": true,
      "license": "MIT",
      "dependencies": {
        "@typescript-eslint/scope-manager": "8.50.1",
        "@typescript-eslint/types": "8.50.1",
        "@typescript-eslint/typescript-estree": "8.50.1",
        "@typescript-eslint/visitor-keys": "8.50.1",
        "debug": "^4.3.4"
      },
      "devDependencies": {
        "@vitest/coverage-v8": "^3.1.3",
        "eslint": "*",
        "glob": "*",
        "rimraf": "*",
        "typescript": "*",
        "vitest": "^3.1.3"
      },
      "engines": {
        "node": "^18.18.0 || ^20.9.0 || >=21.1.0"
      },
      "funding": {
        "type": "opencollective",
        "url": "https://opencollective.com/typescript-eslint"
      },
      "peerDependencies": {
        "eslint": "^8.57.0 || ^9.0.0",
        "typescript": ">=4.8.4 <6.0.0"
      }
    },
    "../node_modules/.pnpm/better-sqlite3@12.5.0/node_modules/better-sqlite3": {
      "version": "12.5.0",
      "hasInstallScript": true,
      "license": "MIT",
      "dependencies": {
        "bindings": "^1.5.0",
        "prebuild-install": "^7.1.1"
      },
      "devDependencies": {
        "chai": "^4.3.8",
        "cli-color": "^2.0.3",
        "fs-extra": "^11.1.1",
        "mocha": "^10.2.0",
        "nodemark": "^0.3.0",
        "prebuild": "^13.0.1",
        "sqlite": "^5.0.1",
        "sqlite3": "^5.1.6"
      },
      "engines": {
        "node": "20.x || 22.x || 23.x || 24.x || 25.x"
      }
    },
    "../node_modules/.pnpm/class-transformer@0.5.1/node_modules/class-transformer": {
      "version": "0.5.1",
      "license": "MIT"
    },
    "../node_modules/.pnpm/class-validator@0.14.3/node_modules/class-validator": {
      "version": "0.14.3",
      "license": "MIT",
      "dependencies": {
        "@types/validator": "^13.15.3",
        "libphonenumber-js": "^1.11.1",
        "validator": "^13.15.20"
      }
    },
    "../node_modules/.pnpm/eslint@9.39.2/node_modules/eslint": {
      "version": "9.39.2",
      "dev": true,
      "license": "MIT",
      "dependencies": {
        "@eslint-community/eslint-utils": "^4.8.0",
        "@eslint-community/regexpp": "^4.12.1",
        "@eslint/config-array": "^0.21.1",
        "@eslint/config-helpers": "^0.4.2",
        "@eslint/core": "^0.17.0",
        "@eslint/eslintrc": "^3.3.1",
        "@eslint/js": "9.39.2",
        "@eslint/plugin-kit": "^0.4.1",
        "@humanfs/node": "^0.16.6",
        "@humanwhocodes/module-importer": "^1.0.1",
        "@humanwhocodes/retry": "^0.4.2",
        "@types/estree": "^1.0.6",
        "ajv": "^6.12.4",
        "chalk": "^4.0.0",
        "cross-spawn": "^7.0.6",
        "debug": "^4.3.2",
        "escape-string-regexp": "^4.0.0",
        "eslint-scope": "^8.4.0",
        "eslint-visitor-keys": "^4.2.1",
        "espree": "^10.4.0",
        "esquery": "^1.5.0",
        "esutils": "^2.0.2",
        "fast-deep-equal": "^3.1.3",
        "file-entry-cache": "^8.0.0",
        "find-up": "^5.0.0",
        "glob-parent": "^6.0.2",
        "ignore": "^5.2.0",
        "imurmurhash": "^0.1.4",
        "is-glob": "^4.0.0",
        "json-stable-stringify-without-jsonify": "^1.0.1",
        "lodash.merge": "^4.6.2",
        "minimatch": "^3.1.2",
        "natural-compare": "^1.4.0",
        "optionator": "^0.9.3"
      },
      "bin": {
        "eslint": "bin/eslint.js"
      },
      "devDependencies": {
        "@arethetypeswrong/cli": "^0.18.0",
        "@babel/core": "^7.4.3",
        "@babel/preset-env": "^7.4.3",
        "@cypress/webpack-preprocessor": "^6.0.2",
        "@eslint/json": "^0.13.2",
        "@trunkio/launcher": "^1.3.4",
        "@types/esquery": "^1.5.4",
        "@types/node": "^22.13.14",
        "@typescript-eslint/parser": "^8.4.0",
        "babel-loader": "^8.0.5",
        "c8": "^7.12.0",
        "chai": "^4.0.1",
        "cheerio": "^0.22.0",
        "common-tags": "^1.8.0",
        "core-js": "^3.1.3",
        "cypress": "^14.1.0",
        "ejs": "^3.0.2",
        "eslint": "file:.",
        "eslint-config-eslint": "file:packages/eslint-config-eslint",
        "eslint-plugin-eslint-plugin": "^6.0.0",
        "eslint-plugin-expect-type": "^0.6.0",
        "eslint-plugin-yml": "^1.14.0",
        "eslint-release": "^3.3.0",
        "eslint-rule-composer": "^0.3.0",
        "eslump": "^3.0.0",
        "esprima": "^4.0.1",
        "fast-glob": "^3.2.11",
        "fs-teardown": "^0.1.3",
        "glob": "^10.0.0",
        "globals": "^16.2.0",
        "got": "^11.8.3",
        "gray-matter": "^4.0.3",
        "jiti": "^2.6.1",
        "jiti-v2.0": "npm:jiti@2.0.x",
        "jiti-v2.1": "npm:jiti@2.1.x",
        "knip": "^5.60.2",
        "lint-staged": "^11.0.0",
        "markdown-it": "^12.2.0",
        "markdown-it-container": "^3.0.0",
        "marked": "^4.0.8",
        "metascraper": "^5.25.7",
        "metascraper-description": "^5.25.7",
        "metascraper-image": "^5.29.3",
        "metascraper-logo": "^5.25.7",
        "metascraper-logo-favicon": "^5.25.7",
        "metascraper-title": "^5.25.7",
        "mocha": "^11.7.1",
        "node-polyfill-webpack-plugin": "^1.0.3",
        "npm-license": "^0.3.3",
        "pirates": "^4.0.5",
        "progress": "^2.0.3",
        "proxyquire": "^2.0.1",
        "recast": "^0.23.0",
        "regenerator-runtime": "^0.14.0",
        "semver": "^7.5.3",
        "shelljs": "^0.10.0",
        "sinon": "^11.0.0",
        "typescript": "^5.3.3",
        "webpack": "^5.23.0",
        "webpack-cli": "^4.5.0",
        "yorkie": "^2.0.0"
      },
      "engines": {
        "node": "^18.18.0 || ^20.9.0 || >=21.1.0"
      },
      "funding": {
        "url": "https://eslint.org/donate"
      },
      "peerDependencies": {
        "jiti": "*"
      },
      "peerDependenciesMeta": {
        "jiti": {
          "optional": true
        }
      }
    },
    "../node_modules/.pnpm/jest@29.7.0_@types+node@22.19.3_ts-node@10.9.2_@types+node@22.19.3_typescript@5.9.3_/node_modules/jest": {
      "version": "29.7.0",
      "dev": true,
      "license": "MIT",
      "dependencies": {
        "@jest/core": "^29.7.0",
        "@jest/types": "^29.6.3",
        "import-local": "^3.0.2",
        "jest-cli": "^29.7.0"
      },
      "bin": {
        "jest": "bin/jest.js"
      },
      "devDependencies": {
        "@tsd/typescript": "^5.0.4",
        "tsd-lite": "^0.7.0"
      },
      "engines": {
        "node": "^14.15.0 || ^16.10.0 || >=18.0.0"
      },
      "peerDependencies": {
        "node-notifier": "^8.0.1 || ^9.0.0 || ^10.0.0"
      },
      "peerDependenciesMeta": {
        "node-notifier": {
          "optional": true
        }
      }
    },
    "../node_modules/.pnpm/reflect-metadata@0.2.2/node_modules/reflect-metadata": {
      "version": "0.2.2",
      "license": "Apache-2.0",
      "devDependencies": {
        "@types/chai": "^3.4.34",
        "@types/mocha": "^2.2.34",
        "@types/node": "^10.17.60",
        "chai": "^3.5.0",
        "del": "^2.2.2",
        "ecmarkup": "^3.9.3",
        "gulp": "^3.9.1",
        "gulp-emu": "^1.1.0",
        "gulp-live-server": "0.0.30",
        "gulp-mocha": "^3.0.1",
        "gulp-rename": "^1.2.2",
        "gulp-sequence": "^0.4.6",
        "gulp-tsb": "^2.0.3",
        "mocha": "^3.2.0",
        "typescript": "^2.1.4"
      }
    },
    "../node_modules/.pnpm/rxjs@7.8.2/node_modules/rxjs": {
      "version": "7.8.2",
      "license": "Apache-2.0",
      "dependencies": {
        "tslib": "^2.1.0"
      },
      "devDependencies": {
        "@angular-devkit/build-optimizer": "0.4.6",
        "@angular-devkit/schematics": "^11.0.7",
        "@swc/core": "^1.2.128",
        "@swc/helpers": "^0.3.2",
        "@types/chai": "^4.2.11",
        "@types/lodash": "4.14.102",
        "@types/mocha": "^7.0.2",
        "@types/node": "^14.14.6",
        "@types/shelljs": "^0.8.8",
        "@types/sinon": "4.1.3",
        "@types/sinon-chai": "2.7.29",
        "@types/source-map": "^0.5.2",
        "@typescript-eslint/eslint-plugin": "^4.29.1",
        "@typescript-eslint/parser": "^4.29.1",
        "babel-polyfill": "6.26.0",
        "chai": "^4.2.0",
        "check-side-effects": "0.0.23",
        "color": "3.0.0",
        "colors": "1.1.2",
        "cross-env": "5.1.3",
        "cz-conventional-changelog": "1.2.0",
        "dependency-cruiser": "^9.12.0",
        "escape-string-regexp": "1.0.5",
        "eslint": "^7.8.1",
        "eslint-plugin-jasmine": "^2.10.1",
        "form-data": "^3.0.0",
        "fs-extra": "^8.1.0",
        "glob": "7.1.2",
        "google-closure-compiler-js": "20170218.0.0",
        "husky": "^4.2.5",
        "klaw-sync": "3.0.2",
        "lint-staged": "^10.2.11",
        "lodash": "^4.17.15",
        "minimist": "^1.2.5",
        "mocha": "^8.1.3",
        "nodemon": "^1.9.2",
        "npm-run-all": "4.1.2",
        "opn-cli": "3.1.0",
        "platform": "1.3.5",
        "prettier": "^2.5.1",
        "promise": "8.0.1",
        "rollup": "0.66.6",
        "rollup-plugin-alias": "1.4.0",
        "rollup-plugin-inject": "2.0.0",
        "rollup-plugin-node-resolve": "2.0.0",
        "shelljs": "^0.8.4",
        "shx": "^0.3.2",
        "sinon": "4.3.0",
        "sinon-chai": "2.14.0",
        "source-map-support": "0.5.3",
        "systemjs": "^0.21.0",
        "ts-node": "^9.1.1",
        "tslint": "^5.20.1",
        "tslint-config-prettier": "^1.18.0",
        "tslint-etc": "1.13.10",
        "tslint-no-toplevel-property-access": "0.0.2",
        "tslint-no-unused-expression-chai": "0.0.3",
        "typescript": "~4.2.0",
        "validate-commit-msg": "2.14.0",
        "web-streams-polyfill": "^3.0.2",
        "webpack": "^4.31.0"
      }
    },
    "../node_modules/.pnpm/simple-git@3.30.0/node_modules/simple-git": {
      "version": "3.30.0",
      "license": "MIT",
      "dependencies": {
        "@kwsites/file-exists": "^1.1.1",
        "@kwsites/promise-deferred": "^1.1.1",
        "debug": "^4.4.0"
      },
      "devDependencies": {
        "@kwsites/promise-result": "^1.1.0",
        "@simple-git/babel-config": "^1.0.0",
        "@types/debug": "^4.1.12",
        "@types/jest": "^29.2.2",
        "@types/node": "^22.15.30",
        "esbuild": "^0.25.0",
        "esbuild-node-externals": "^1.18.0",
        "jest": "^29.7.0",
        "ts-node": "^10.9.2",
        "typescript": "^5.7.3"
      },
      "funding": {
        "type": "github",
        "url": "https://github.com/steveukx/git-js?sponsor=1"
      }
    },
    "../node_modules/.pnpm/ts-jest@29.4.6_@babel+core@7.28.5_@jest+transform@29.7.0_@jest+types@29.6.3_babel-jest@29.7.0_dufn4x4nodwenqzawbj3jetnt4/node_modules/ts-jest": {
      "version": "29.4.6",
      "dev": true,
      "license": "MIT",
      "dependencies": {
        "bs-logger": "^0.2.6",
        "fast-json-stable-stringify": "^2.1.0",
        "handlebars": "^4.7.8",
        "json5": "^2.2.3",
        "lodash.memoize": "^4.1.2",
        "make-error": "^1.3.6",
        "semver": "^7.7.3",
        "type-fest": "^4.41.0",
        "yargs-parser": "^21.1.1"
      },
      "bin": {
        "ts-jest": "cli.js"
      },
      "devDependencies": {
        "@commitlint/cli": "^19.8.1",
        "@commitlint/config-angular": "^19.8.1",
        "@eslint/compat": "^1.4.1",
        "@eslint/eslintrc": "^3.3.1",
        "@eslint/js": "^9.39.1",
        "@jest/globals": "^30.2.0",
        "@jest/transform": "^30.2.0",
        "@jest/types": "^30.2.0",
        "@types/babel__core": "^7.20.5",
        "@types/fs-extra": "^11.0.4",
        "@types/jest": "^29.5.14",
        "@types/js-yaml": "^4.0.9",
        "@types/lodash.camelcase": "^4.3.9",
        "@types/lodash.memoize": "^4.1.9",
        "@types/lodash.set": "^4.3.9",
        "@types/micromatch": "^4.0.10",
        "@types/node": "20.19.25",
        "@types/semver": "^7.7.1",
        "@types/yargs": "^17.0.35",
        "@types/yargs-parser": "21.0.3",
        "@typescript-eslint/eslint-plugin": "^8.48.0",
        "@typescript-eslint/parser": "^8.48.0",
        "babel-jest": "^30.2.0",
        "conventional-changelog": "^7.1.1",
        "conventional-changelog-angular": "^8.1.0",
        "esbuild": "~0.27.0",
        "eslint": "^9.39.1",
        "eslint-config-prettier": "^10.1.8",
        "eslint-plugin-import": "^2.32.0",
        "eslint-plugin-jest": "^28.14.0",
        "eslint-plugin-jsdoc": "^50.8.0",
        "eslint-plugin-prettier": "^4.2.5",
        "execa": "5.1.1",
        "fast-glob": "^3.3.3",
        "fs-extra": "^11.3.2",
        "globals": "^16.5.0",
        "husky": "^9.1.7",
        "jest": "^30.2.0",
        "js-yaml": "^4.1.1",
        "lint-staged": "^15.5.2",
        "memfs": "^4.51.0",
        "prettier": "^2.8.8",
        "rimraf": "^5.0.10",
        "ts-node": "^10.9.2",
        "typescript": "~5.9.3",
        "typescript-eslint": "^8.48.0"
      },
      "engines": {
        "node": "^14.15.0 || ^16.10.0 || ^18.0.0 || >=20.0.0"
      },
      "peerDependencies": {
        "@babel/core": ">=7.0.0-beta.0 <8",
        "@jest/transform": "^29.0.0 || ^30.0.0",
        "@jest/types": "^29.0.0 || ^30.0.0",
        "babel-jest": "^29.0.0 || ^30.0.0",
        "jest": "^29.0.0 || ^30.0.0",
        "jest-util": "^29.0.0 || ^30.0.0",
        "typescript": ">=4.3 <6"
      },
      "peerDependenciesMeta": {
        "@babel/core": {
          "optional": true
        },
        "@jest/transform": {
          "optional": true
        },
        "@jest/types": {
          "optional": true
        },
        "babel-jest": {
          "optional": true
        },
        "esbuild": {
          "optional": true
        },
        "jest-util": {
          "optional": true
        }
      }
    },
    "../node_modules/.pnpm/ts-node@10.9.2_@types+node@22.19.3_typescript@5.9.3/node_modules/ts-node": {
      "version": "10.9.2",
      "dev": true,
      "license": "MIT",
      "dependencies": {
        "@cspotcode/source-map-support": "^0.8.0",
        "@tsconfig/node10": "^1.0.7",
        "@tsconfig/node12": "^1.0.7",
        "@tsconfig/node14": "^1.0.0",
        "@tsconfig/node16": "^1.0.2",
        "acorn": "^8.4.1",
        "acorn-walk": "^8.1.1",
        "arg": "^4.1.0",
        "create-require": "^1.1.0",
        "diff": "^4.0.1",
        "make-error": "^1.1.1",
        "v8-compile-cache-lib": "^3.0.1",
        "yn": "3.1.1"
      },
      "bin": {
        "ts-node": "dist/bin.js",
        "ts-node-cwd": "dist/bin-cwd.js",
        "ts-node-esm": "dist/bin-esm.js",
        "ts-node-script": "dist/bin-script.js",
        "ts-node-transpile-only": "dist/bin-transpile.js",
        "ts-script": "dist/bin-script-deprecated.js"
      },
      "devDependencies": {
        "@microsoft/api-extractor": "^7.19.4",
        "@swc/core": "^1.3.100",
        "@swc/wasm": "^1.3.100",
        "@types/diff": "^4.0.2",
        "@types/lodash": "^4.14.151",
        "@types/node": "13.13.5",
        "@types/proper-lockfile": "^4.1.2",
        "@types/proxyquire": "^1.3.28",
        "@types/react": "^16.14.19",
        "@types/rimraf": "^3.0.0",
        "@types/semver": "^7.1.0",
        "@yarnpkg/fslib": "^2.4.0",
        "ava": "^3.15.0",
        "axios": "^0.21.1",
        "dprint": "^0.25.0",
        "expect": "^27.0.2",
        "get-stream": "^6.0.0",
        "lodash": "^4.17.15",
        "ntypescript": "^1.201507091536.1",
        "nyc": "^15.0.1",
        "outdent": "^0.8.0",
        "proper-lockfile": "^4.1.2",
        "proxyquire": "^2.0.0",
        "react": "^16.14.0",
        "rimraf": "^3.0.0",
        "semver": "^7.1.3",
        "throat": "^6.0.1",
        "typedoc": "^0.22.10",
        "typescript": "4.7.4",
        "typescript-json-schema": "^0.53.0",
        "util.promisify": "^1.0.1"
      },
      "peerDependencies": {
        "@swc/core": ">=1.2.50",
        "@swc/wasm": ">=1.2.50",
        "@types/node": "*",
        "typescript": ">=2.7"
      },
      "peerDependenciesMeta": {
        "@swc/core": {
          "optional": true
        },
        "@swc/wasm": {
          "optional": true
        }
      }
    },
    "../node_modules/.pnpm/typescript@5.9.3/node_modules/typescript": {
      "version": "5.9.3",
      "dev": true,
      "license": "Apache-2.0",
      "bin": {
        "tsc": "bin/tsc",
        "tsserver": "bin/tsserver"
      },
      "devDependencies": {
        "@dprint/formatter": "^0.4.1",
        "@dprint/typescript": "0.93.4",
        "@esfx/canceltoken": "^1.0.0",
        "@eslint/js": "^9.20.0",
        "@octokit/rest": "^21.1.1",
        "@types/chai": "^4.3.20",
        "@types/diff": "^7.0.1",
        "@types/minimist": "^1.2.5",
        "@types/mocha": "^10.0.10",
        "@types/ms": "^0.7.34",
        "@types/node": "latest",
        "@types/source-map-support": "^0.5.10",
        "@types/which": "^3.0.4",
        "@typescript-eslint/rule-tester": "^8.24.1",
        "@typescript-eslint/type-utils": "^8.24.1",
        "@typescript-eslint/utils": "^8.24.1",
        "azure-devops-node-api": "^14.1.0",
        "c8": "^10.1.3",
        "chai": "^4.5.0",
        "chokidar": "^4.0.3",
        "diff": "^7.0.0",
        "dprint": "^0.49.0",
        "esbuild": "^0.25.0",
        "eslint": "^9.20.1",
        "eslint-formatter-autolinkable-stylish": "^1.4.0",
        "eslint-plugin-regexp": "^2.7.0",
        "fast-xml-parser": "^4.5.2",
        "glob": "^10.4.5",
        "globals": "^15.15.0",
        "hereby": "^1.10.0",
        "jsonc-parser": "^3.3.1",
        "knip": "^5.44.4",
        "minimist": "^1.2.8",
        "mocha": "^10.8.2",
        "mocha-fivemat-progress-reporter": "^0.1.0",
        "monocart-coverage-reports": "^2.12.1",
        "ms": "^2.1.3",
        "picocolors": "^1.1.1",
        "playwright": "^1.50.1",
        "source-map-support": "^0.5.21",
        "tslib": "^2.8.1",
        "typescript": "^5.7.3",
        "typescript-eslint": "^8.24.1",
        "which": "^3.0.1"
      },
      "engines": {
        "node": ">=14.17"
      }
    },
    "../node_modules/.pnpm/uuid@11.1.0/node_modules/uuid": {
      "version": "11.1.0",
      "funding": [
        "https://github.com/sponsors/broofa",
        "https://github.com/sponsors/ctavan"
      ],
      "license": "MIT",
      "bin": {
        "uuid": "dist/esm/bin/uuid"
      },
      "devDependencies": {
        "@babel/eslint-parser": "7.25.9",
        "@commitlint/cli": "19.6.1",
        "@commitlint/config-conventional": "19.6.0",
        "@eslint/js": "9.17.0",
        "@types/eslint__js": "8.42.3",
        "bundlewatch": "0.4.0",
        "commander": "12.1.0",
        "eslint": "9.17.0",
        "eslint-config-prettier": "9.1.0",
        "eslint-plugin-prettier": "5.2.1",
        "globals": "15.14.0",
        "husky": "9.1.7",
        "jest": "29.7.0",
        "lint-staged": "15.2.11",
        "neostandard": "0.12.0",
        "npm-run-all": "4.1.5",
        "prettier": "3.4.2",
        "release-please": "16.15.0",
        "runmd": "1.4.1",
        "standard-version": "9.5.0",
        "typescript": "5.0.4",
        "typescript-eslint": "8.18.2"
      }
    },
    "node_modules/@nestjs/cli": {
      "resolved": "../node_modules/.pnpm/@nestjs+cli@11.0.14_@types+node@22.19.3/node_modules/@nestjs/cli",
      "link": true
    },
    "node_modules/@nestjs/common": {
      "resolved": "../node_modules/.pnpm/@nestjs+common@11.1.10_class-transformer@0.5.1_class-validator@0.14.3_reflect-metadata@0.2.2_rxjs@7.8.2/node_modules/@nestjs/common",
      "link": true
    },
    "node_modules/@nestjs/config": {
      "resolved": "../node_modules/.pnpm/@nestjs+config@4.0.2_@nestjs+common@11.1.10_class-transformer@0.5.1_class-validator@0.14.3_re_k3hjpc3ejwrb2f64n6ctlerk5y/node_modules/@nestjs/config",
      "link": true
    },
    "node_modules/@nestjs/core": {
      "resolved": "../node_modules/.pnpm/@nestjs+core@11.1.10_@nestjs+common@11.1.10_class-transformer@0.5.1_class-validator@0.14.3_re_bi5dtuds5pb77nnaakik4vb4cm/node_modules/@nestjs/core",
      "link": true
    },
    "node_modules/@nestjs/platform-express": {
      "resolved": "../node_modules/.pnpm/@nestjs+platform-express@11.1.10_@nestjs+common@11.1.10_class-transformer@0.5.1_class-validat_wb3fkfekjm22agbha22z7ikuzy/node_modules/@nestjs/platform-express",
      "link": true
    },
    "node_modules/@nestjs/platform-socket.io": {
      "resolved": "../node_modules/.pnpm/@nestjs+platform-socket.io@11.1.10_@nestjs+common@11.1.10_class-transformer@0.5.1_class-valid_fpksb2ia6gfvyicy65h7qann6q/node_modules/@nestjs/platform-socket.io",
      "link": true
    },
    "node_modules/@nestjs/schematics": {
      "resolved": "../node_modules/.pnpm/@nestjs+schematics@11.0.9_chokidar@4.0.3_typescript@5.9.3/node_modules/@nestjs/schematics",
      "link": true
    },
    "node_modules/@nestjs/testing": {
      "resolved": "../node_modules/.pnpm/@nestjs+testing@11.1.10_@nestjs+common@11.1.10_class-transformer@0.5.1_class-validator@0.14.3_4q4lx6aob6l7yutxbrtpdcykvm/node_modules/@nestjs/testing",
      "link": true
    },
    "node_modules/@nestjs/websockets": {
      "resolved": "../node_modules/.pnpm/@nestjs+websockets@11.1.10_@nestjs+common@11.1.10_class-transformer@0.5.1_class-validator@0.1_iv5yt5hgpt53uhgnnno4x2omq4/node_modules/@nestjs/websockets",
      "link": true
    },
    "node_modules/@octokit/rest": {
      "resolved": "../node_modules/.pnpm/@octokit+rest@22.0.1/node_modules/@octokit/rest",
      "link": true
    },
    "node_modules/@types/better-sqlite3": {
      "resolved": "../node_modules/.pnpm/@types+better-sqlite3@7.6.13/node_modules/@types/better-sqlite3",
      "link": true
    },
    "node_modules/@types/express": {
      "resolved": "../node_modules/.pnpm/@types+express@5.0.6/node_modules/@types/express",
      "link": true
    },
    "node_modules/@types/jest": {
      "resolved": "../node_modules/.pnpm/@types+jest@29.5.14/node_modules/@types/jest",
      "link": true
    },
    "node_modules/@types/node": {
      "resolved": "../node_modules/.pnpm/@types+node@22.19.3/node_modules/@types/node",
      "link": true
    },
    "node_modules/@types/uuid": {
      "resolved": "../node_modules/.pnpm/@types+uuid@10.0.0/node_modules/@types/uuid",
      "link": true
    },
    "node_modules/@typescript-eslint/eslint-plugin": {
      "resolved": "../node_modules/.pnpm/@typescript-eslint+eslint-plugin@8.50.1_@typescript-eslint+parser@8.50.1_eslint@9.39.2_typesc_rntfvq7f6cbtstwknshzop6kre/node_modules/@typescript-eslint/eslint-plugin",
      "link": true
    },
    "node_modules/@typescript-eslint/parser": {
      "resolved": "../node_modules/.pnpm/@typescript-eslint+parser@8.50.1_eslint@9.39.2_typescript@5.9.3/node_modules/@typescript-eslint/parser",
      "link": true
    },
    "node_modules/better-sqlite3": {
      "resolved": "../node_modules/.pnpm/better-sqlite3@12.5.0/node_modules/better-sqlite3",
      "link": true
    },
    "node_modules/class-transformer": {
      "resolved": "../node_modules/.pnpm/class-transformer@0.5.1/node_modules/class-transformer",
      "link": true
    },
    "node_modules/class-validator": {
      "resolved": "../node_modules/.pnpm/class-validator@0.14.3/node_modules/class-validator",
      "link": true
    },
    "node_modules/eslint": {
      "resolved": "../node_modules/.pnpm/eslint@9.39.2/node_modules/eslint",
      "link": true
    },
    "node_modules/jest": {
      "resolved": "../node_modules/.pnpm/jest@29.7.0_@types+node@22.19.3_ts-node@10.9.2_@types+node@22.19.3_typescript@5.9.3_/node_modules/jest",
      "link": true
    },
    "node_modules/reflect-metadata": {
      "resolved": "../node_modules/.pnpm/reflect-metadata@0.2.2/node_modules/reflect-metadata",
      "link": true
    },
    "node_modules/rxjs": {
      "resolved": "../node_modules/.pnpm/rxjs@7.8.2/node_modules/rxjs",
      "link": true
    },
    "node_modules/simple-git": {
      "resolved": "../node_modules/.pnpm/simple-git@3.30.0/node_modules/simple-git",
      "link": true
    },
    "node_modules/ts-jest": {
      "resolved": "../node_modules/.pnpm/ts-jest@29.4.6_@babel+core@7.28.5_@jest+transform@29.7.0_@jest+types@29.6.3_babel-jest@29.7.0_dufn4x4nodwenqzawbj3jetnt4/node_modules/ts-jest",
      "link": true
    },
    "node_modules/ts-node": {
      "resolved": "../node_modules/.pnpm/ts-node@10.9.2_@types+node@22.19.3_typescript@5.9.3/node_modules/ts-node",
      "link": true
    },
    "node_modules/typescript": {
      "resolved": "../node_modules/.pnpm/typescript@5.9.3/node_modules/typescript",
      "link": true
    },
    "node_modules/uuid": {
      "resolved": "../node_modules/.pnpm/uuid@11.1.0/node_modules/uuid",
      "link": true
    }
  }
}
